
Microsoft Visual Studio Solution File, Format Version 12.00
# Visual Studio 15
VisualStudioVersion = 15.0.27130.2010
MinimumVisualStudioVersion = 10.0.40219.1
Project("{FAE04EC0-301F-11D3-BF4B-00C04F79EFBC}") = "WebApplication", "WebApplication\WebApplication.csproj", "{D68E246E-E71C-4F8A-9AB1-35642E20350C}"
EndProject
Global
	GlobalSection(SolutionConfigurationPlatforms) = preSolution
		Debug|Any CPU = Debug|Any CPU
		Release|Any CPU = Release|Any CPU
	EndGlobalSection
	GlobalSection(ProjectConfigurationPlatforms) = postSolution
		{D68E246E-E71C-4F8A-9AB1-35642E20350C}.Debug|Any CPU.ActiveCfg = Debug|Any CPU
		{D68E246E-E71C-4F8A-9AB1-35642E20350C}.Debug|Any CPU.Build.0 = Debug|Any CPU
		{D68E246E-E71C-4F8A-9AB1-35642E20350C}.Release|Any CPU.ActiveCfg = Release|Any CPU
		{D68E246E-E71C-4F8A-9AB1-35642E20350C}.Release|Any CPU.Build.0 = Release|Any CPU
	EndGlobalSection
	GlobalSection(SolutionProperties) = preSolution
		HideSolutionNode = FALSE
	EndGlobalSection
	GlobalSection(ExtensibilityGlobals) = postSolution
		SolutionGuid = {DADD1E21-3F1E-4488-BF7E-D5AEE708A17F}
	EndGlobalSection
EndGlobal
